
Microsoft Visual Studio Solution File, Format Version 12.00
# Visual Studio 15
VisualStudioVersion = 15.0.28307.902
MinimumVisualStudioVersion = 10.0.40219.1
Project("{FAE04EC0-301F-11D3-BF4B-00C04F79EFBC}") = "GravityHammer", "GravityHammer.csproj", "{8B07600F-1F0F-4534-A85B-8A214564F334}"
EndProject
Global
	GlobalSection(SolutionConfigurationPlatforms) = preSolution
		Debug|Any CPU = Debug|Any CPU
		Release|Any CPU = Release|Any CPU
	EndGlobalSection
	GlobalSection(ProjectConfigurationPlatforms) = postSolution
		{8B07600F-1F0F-4534-A85B-8A214564F334}.Debug|Any CPU.ActiveCfg = Debug|Any CPU
		{8B07600F-1F0F-4534-A85B-8A214564F334}.Debug|Any CPU.Build.0 = Debug|Any CPU
		{8B07600F-1F0F-4534-A85B-8A214564F334}.Release|Any CPU.ActiveCfg = Release|Any CPU
		{8B07600F-1F0F-4534-A85B-8A214564F334}.Release|Any CPU.Build.0 = Release|Any CPU
	EndGlobalSection
	GlobalSection(SolutionProperties) = preSolution
		HideSolutionNode = FALSE
	EndGlobalSection
	GlobalSection(ExtensibilityGlobals) = postSolution
		SolutionGuid = {B324424E-1BA5-4737-A669-6E4C22536D77}
	EndGlobalSection
EndGlobal
